<Solution>
  <Configurations>
    <BuildType Name="Release" />
  </Configurations>
  <Folder Name="/Solution Items/">
    <File Path="mod.json" />
    <File Path="mod.json.bex" />
    <File Path="README.md" />
    <File Path="UNLICENSE" />
  </Folder>
  <Project Path="src\NavigationComputer.csproj" />
</Solution>
